
Microsoft Visual Studio Solution File, Format Version 12.00
# Visual Studio Version 16
VisualStudioVersion = 16.0.30204.135
MinimumVisualStudioVersion = 10.0.40219.1
Project("{FAE04EC0-301F-11D3-BF4B-00C04F79EFBC}") = "bmi 2", "bmi 2\bmi 2.csproj", "{5544204A-FF53-46EF-B903-CC415AF80B0E}"
EndProject
Global
	GlobalSection(SolutionConfigurationPlatforms) = preSolution
		Debug|Any CPU = Debug|Any CPU
		Release|Any CPU = Release|Any CPU
	EndGlobalSection
	GlobalSection(ProjectConfigurationPlatforms) = postSolution
		{5544204A-FF53-46EF-B903-CC415AF80B0E}.Debug|Any CPU.ActiveCfg = Debug|Any CPU
		{5544204A-FF53-46EF-B903-CC415AF80B0E}.Debug|Any CPU.Build.0 = Debug|Any CPU
		{5544204A-FF53-46EF-B903-CC415AF80B0E}.Release|Any CPU.ActiveCfg = Release|Any CPU
		{5544204A-FF53-46EF-B903-CC415AF80B0E}.Release|Any CPU.Build.0 = Release|Any CPU
	EndGlobalSection
	GlobalSection(SolutionProperties) = preSolution
		HideSolutionNode = FALSE
	EndGlobalSection
	GlobalSection(ExtensibilityGlobals) = postSolution
		SolutionGuid = {EB1379F4-1E19-4849-9D80-335AEF4F02C0}
	EndGlobalSection
EndGlobal
